// !$*UTF8*$!
{
	archiveVersion = 1;
	classes = {
	};
	objectVersion = 56;
	objects = {

/* Begin PBXBuildFile section */
		8D82E8892B51D328005C88D9 /* StoryBuddyApp.swift in Sources */ = {isa = PBXBuildFile; fileRef = 8D82E8882B51D328005C88D9 /* StoryBuddyApp.swift */; };
		8D82E88D2B51D32A005C88D9 /* Assets.xcassets in Resources */ = {isa = PBXBuildFile; fileRef = 8D82E88C2B51D32A005C88D9 /* Assets.xcassets */; };
		8D82E8912B51D32A005C88D9 /* Preview Assets.xcassets in Resources */ = {isa = PBXBuildFile; fileRef = 8D82E8902B51D32A005C88D9 /* Preview Assets.xcassets */; };
		8D82E89B2B51D32A005C88D9 /* StoryBuddyTests.swift in Sources */ = {isa = PBXBuildFile; fileRef = 8D82E89A2B51D32A005C88D9 /* StoryBuddyTests.swift */; };
		8D82E8A52B51D32A005C88D9 /* StoryBuddyUITests.swift in Sources */ = {isa = PBXBuildFile; fileRef = 8D82E8A42B51D32A005C88D9 /* StoryBuddyUITests.swift */; };
		8D82E8A72B51D32A005C88D9 /* StoryBuddyUITestsLaunchTests.swift in Sources */ = {isa = PBXBuildFile; fileRef = 8D82E8A62B51D32A005C88D9 /* StoryBuddyUITestsLaunchTests.swift */; };
		8D82E8B52B51D3B2005C88D9 /* OpenAI in Frameworks */ = {isa = PBXBuildFile; productRef = 8D82E8B42B51D3B2005C88D9 /* OpenAI */; };
		8D82E8BD2B54FC32005C88D9 /* ChatView.swift in Sources */ = {isa = PBXBuildFile; fileRef = 8D82E8BC2B54FC32005C88D9 /* ChatView.swift */; };
		8D82E8BF2B56F4D9005C88D9 /* ChatListView.swift in Sources */ = {isa = PBXBuildFile; fileRef = 8D82E8BE2B56F4D9005C88D9 /* ChatListView.swift */; };
		8D82E8C12B56F4FB005C88D9 /* ChatListView+ViewModel.swift in Sources */ = {isa = PBXBuildFile; fileRef = 8D82E8C02B56F4FB005C88D9 /* ChatListView+ViewModel.swift */; };
		8D82E8C32B56F50C005C88D9 /* ChatView+ViewModel.swift in Sources */ = {isa = PBXBuildFile; fileRef = 8D82E8C22B56F50C005C88D9 /* ChatView+ViewModel.swift */; };
		8D82E8C52B56F5C6005C88D9 /* OpenAIManager.swift in Sources */ = {isa = PBXBuildFile; fileRef = 8D82E8C42B56F5C6005C88D9 /* OpenAIManager.swift */; };
		8D82E8C72B56FBED005C88D9 /* ArrayUtils.swift in Sources */ = {isa = PBXBuildFile; fileRef = 8D82E8C62B56FBED005C88D9 /* ArrayUtils.swift */; };
/* End PBXBuildFile section */

/* Begin PBXContainerItemProxy section */
		8D82E8972B51D32A005C88D9 /* PBXContainerItemProxy */ = {
			isa = PBXContainerItemProxy;
			containerPortal = 8D82E87D2B51D328005C88D9 /* Project object */;
			proxyType = 1;
			remoteGlobalIDString = 8D82E8842B51D328005C88D9;
			remoteInfo = StoryBuddy;
		};
		8D82E8A12B51D32A005C88D9 /* PBXContainerItemProxy */ = {
			isa = PBXContainerItemProxy;
			containerPortal = 8D82E87D2B51D328005C88D9 /* Project object */;
			proxyType = 1;
			remoteGlobalIDString = 8D82E8842B51D328005C88D9;
			remoteInfo = StoryBuddy;
		};
/* End PBXContainerItemProxy section */

/* Begin PBXFileReference section */
		8D82E8852B51D328005C88D9 /* StoryBuddy.app */ = {isa = PBXFileReference; explicitFileType = wrapper.application; includeInIndex = 0; path = StoryBuddy.app; sourceTree = BUILT_PRODUCTS_DIR; };
		8D82E8882B51D328005C88D9 /* StoryBuddyApp.swift */ = {isa = PBXFileReference; lastKnownFileType = sourcecode.swift; path = StoryBuddyApp.swift; sourceTree = "<group>"; };
		8D82E88C2B51D32A005C88D9 /* Assets.xcassets */ = {isa = PBXFileReference; lastKnownFileType = folder.assetcatalog; path = Assets.xcassets; sourceTree = "<group>"; };
		8D82E88E2B51D32A005C88D9 /* StoryBuddy.entitlements */ = {isa = PBXFileReference; lastKnownFileType = text.plist.entitlements; path = StoryBuddy.entitlements; sourceTree = "<group>"; };
		8D82E8902B51D32A005C88D9 /* Preview Assets.xcassets */ = {isa = PBXFileReference; lastKnownFileType = folder.assetcatalog; path = "Preview Assets.xcassets"; sourceTree = "<group>"; };
		8D82E8962B51D32A005C88D9 /* StoryBuddyTests.xctest */ = {isa = PBXFileReference; explicitFileType = wrapper.cfbundle; includeInIndex = 0; path = StoryBuddyTests.xctest; sourceTree = BUILT_PRODUCTS_DIR; };
		8D82E89A2B51D32A005C88D9 /* StoryBuddyTests.swift */ = {isa = PBXFileReference; lastKnownFileType = sourcecode.swift; path = StoryBuddyTests.swift; sourceTree = "<group>"; };
		8D82E8A02B51D32A005C88D9 /* StoryBuddyUITests.xctest */ = {isa = PBXFileReference; explicitFileType = wrapper.cfbundle; includeInIndex = 0; path = StoryBuddyUITests.xctest; sourceTree = BUILT_PRODUCTS_DIR; };
		8D82E8A42B51D32A005C88D9 /* StoryBuddyUITests.swift */ = {isa = PBXFileReference; lastKnownFileType = sourcecode.swift; path = StoryBuddyUITests.swift; sourceTree = "<group>"; };
		8D82E8A62B51D32A005C88D9 /* StoryBuddyUITestsLaunchTests.swift */ = {isa = PBXFileReference; lastKnownFileType = sourcecode.swift; path = StoryBuddyUITestsLaunchTests.swift; sourceTree = "<group>"; };
		8D82E8BC2B54FC32005C88D9 /* ChatView.swift */ = {isa = PBXFileReference; lastKnownFileType = sourcecode.swift; path = ChatView.swift; sourceTree = "<group>"; };
		8D82E8BE2B56F4D9005C88D9 /* ChatListView.swift */ = {isa = PBXFileReference; lastKnownFileType = sourcecode.swift; path = ChatListView.swift; sourceTree = "<group>"; };
		8D82E8C02B56F4FB005C88D9 /* ChatListView+ViewModel.swift */ = {isa = PBXFileReference; lastKnownFileType = sourcecode.swift; path = "ChatListView+ViewModel.swift"; sourceTree = "<group>"; };
		8D82E8C22B56F50C005C88D9 /* ChatView+ViewModel.swift */ = {isa = PBXFileReference; lastKnownFileType = sourcecode.swift; path = "ChatView+ViewModel.swift"; sourceTree = "<group>"; };
		8D82E8C42B56F5C6005C88D9 /* OpenAIManager.swift */ = {isa = PBXFileReference; lastKnownFileType = sourcecode.swift; path = OpenAIManager.swift; sourceTree = "<group>"; };
		8D82E8C62B56FBED005C88D9 /* ArrayUtils.swift */ = {isa = PBXFileReference; lastKnownFileType = sourcecode.swift; path = ArrayUtils.swift; sourceTree = "<group>"; };
/* End PBXFileReference section */

/* Begin PBXFrameworksBuildPhase section */
		8D82E8822B51D328005C88D9 /* Frameworks */ = {
			isa = PBXFrameworksBuildPhase;
			buildActionMask = 2147483647;
			files = (
				8D82E8B52B51D3B2005C88D9 /* OpenAI in Frameworks */,
			);
			runOnlyForDeploymentPostprocessing = 0;
		};
		8D82E8932B51D32A005C88D9 /* Frameworks */ = {
			isa = PBXFrameworksBuildPhase;
			buildActionMask = 2147483647;
			files = (
			);
			runOnlyForDeploymentPostprocessing = 0;
		};
		8D82E89D2B51D32A005C88D9 /* Frameworks */ = {
			isa = PBXFrameworksBuildPhase;
			buildActionMask = 2147483647;
			files = (
			);
			runOnlyForDeploymentPostprocessing = 0;
		};
/* End PBXFrameworksBuildPhase section */

/* Begin PBXGroup section */
		8D82E87C2B51D328005C88D9 = {
			isa = PBXGroup;
			children = (
				8D82E8872B51D328005C88D9 /* StoryBuddy */,
				8D82E8992B51D32A005C88D9 /* StoryBuddyTests */,
				8D82E8A32B51D32A005C88D9 /* StoryBuddyUITests */,
				8D82E8862B51D328005C88D9 /* Products */,
			);
			sourceTree = "<group>";
		};
		8D82E8862B51D328005C88D9 /* Products */ = {
			isa = PBXGroup;
			children = (
				8D82E8852B51D328005C88D9 /* StoryBuddy.app */,
				8D82E8962B51D32A005C88D9 /* StoryBuddyTests.xctest */,
				8D82E8A02B51D32A005C88D9 /* StoryBuddyUITests.xctest */,
			);
			name = Products;
			sourceTree = "<group>";
		};
		8D82E8872B51D328005C88D9 /* StoryBuddy */ = {
			isa = PBXGroup;
			children = (
				8D82E8882B51D328005C88D9 /* StoryBuddyApp.swift */,
				8D82E8BE2B56F4D9005C88D9 /* ChatListView.swift */,
				8D82E8C02B56F4FB005C88D9 /* ChatListView+ViewModel.swift */,
				8D82E8BC2B54FC32005C88D9 /* ChatView.swift */,
				8D82E8C22B56F50C005C88D9 /* ChatView+ViewModel.swift */,
				8D82E8C42B56F5C6005C88D9 /* OpenAIManager.swift */,
				8D82E8C62B56FBED005C88D9 /* ArrayUtils.swift */,
				8D82E88C2B51D32A005C88D9 /* Assets.xcassets */,
				8D82E88E2B51D32A005C88D9 /* StoryBuddy.entitlements */,
				8D82E88F2B51D32A005C88D9 /* Preview Content */,
			);
			path = StoryBuddy;
			sourceTree = "<group>";
		};
		8D82E88F2B51D32A005C88D9 /* Preview Content */ = {
			isa = PBXGroup;
			children = (
				8D82E8902B51D32A005C88D9 /* Preview Assets.xcassets */,
			);
			path = "Preview Content";
			sourceTree = "<group>";
		};
		8D82E8992B51D32A005C88D9 /* StoryBuddyTests */ = {
			isa = PBXGroup;
			children = (
				8D82E89A2B51D32A005C88D9 /* StoryBuddyTests.swift */,
			);
			path = StoryBuddyTests;
			sourceTree = "<group>";
		};
		8D82E8A32B51D32A005C88D9 /* StoryBuddyUITests */ = {
			isa = PBXGroup;
			children = (
				8D82E8A42B51D32A005C88D9 /* StoryBuddyUITests.swift */,
				8D82E8A62B51D32A005C88D9 /* StoryBuddyUITestsLaunchTests.swift */,
			);
			path = StoryBuddyUITests;
			sourceTree = "<group>";
		};
/* End PBXGroup section */

/* Begin PBXNativeTarget section */
		8D82E8842B51D328005C88D9 /* StoryBuddy */ = {
			isa = PBXNativeTarget;
			buildConfigurationList = 8D82E8AA2B51D32A005C88D9 /* Build configuration list for PBXNativeTarget "StoryBuddy" */;
			buildPhases = (
				8D82E8812B51D328005C88D9 /* Sources */,
				8D82E8822B51D328005C88D9 /* Frameworks */,
				8D82E8832B51D328005C88D9 /* Resources */,
			);
			buildRules = (
			);
			dependencies = (
			);
			name = StoryBuddy;
			packageProductDependencies = (
				8D82E8B42B51D3B2005C88D9 /* OpenAI */,
			);
			productName = StoryBuddy;
			productReference = 8D82E8852B51D328005C88D9 /* StoryBuddy.app */;
			productType = "com.apple.product-type.application";
		};
		8D82E8952B51D32A005C88D9 /* StoryBuddyTests */ = {
			isa = PBXNativeTarget;
			buildConfigurationList = 8D82E8AD2B51D32A005C88D9 /* Build configuration list for PBXNativeTarget "StoryBuddyTests" */;
			buildPhases = (
				8D82E8922B51D32A005C88D9 /* Sources */,
				8D82E8932B51D32A005C88D9 /* Frameworks */,
				8D82E8942B51D32A005C88D9 /* Resources */,
			);
			buildRules = (
			);
			dependencies = (
				8D82E8982B51D32A005C88D9 /* PBXTargetDependency */,
			);
			name = StoryBuddyTests;
			productName = StoryBuddyTests;
			productReference = 8D82E8962B51D32A005C88D9 /* StoryBuddyTests.xctest */;
			productType = "com.apple.product-type.bundle.unit-test";
		};
		8D82E89F2B51D32A005C88D9 /* StoryBuddyUITests */ = {
			isa = PBXNativeTarget;
			buildConfigurationList = 8D82E8B02B51D32A005C88D9 /* Build configuration list for PBXNativeTarget "StoryBuddyUITests" */;
			buildPhases = (
				8D82E89C2B51D32A005C88D9 /* Sources */,
				8D82E89D2B51D32A005C88D9 /* Frameworks */,
				8D82E89E2B51D32A005C88D9 /* Resources */,
			);
			buildRules = (
			);
			dependencies = (
				8D82E8A22B51D32A005C88D9 /* PBXTargetDependency */,
			);
			name = StoryBuddyUITests;
			productName = StoryBuddyUITests;
			productReference = 8D82E8A02B51D32A005C88D9 /* StoryBuddyUITests.xctest */;
			productType = "com.apple.product-type.bundle.ui-testing";
		};
/* End PBXNativeTarget section */

/* Begin PBXProject section */
		8D82E87D2B51D328005C88D9 /* Project object */ = {
			isa = PBXProject;
			attributes = {
				BuildIndependentTargetsInParallel = 1;
				LastSwiftUpdateCheck = 1520;
				LastUpgradeCheck = 1520;
				TargetAttributes = {
					8D82E8842B51D328005C88D9 = {
						CreatedOnToolsVersion = 15.2;
					};
					8D82E8952B51D32A005C88D9 = {
						CreatedOnToolsVersion = 15.2;
						TestTargetID = 8D82E8842B51D328005C88D9;
					};
					8D82E89F2B51D32A005C88D9 = {
						CreatedOnToolsVersion = 15.2;
						TestTargetID = 8D82E8842B51D328005C88D9;
					};
				};
			};
			buildConfigurationList = 8D82E8802B51D328005C88D9 /* Build configuration list for PBXProject "StoryBuddy" */;
			compatibilityVersion = "Xcode 14.0";
			developmentRegion = en;
			hasScannedForEncodings = 0;
			knownRegions = (
				en,
				Base,
			);
			mainGroup = 8D82E87C2B51D328005C88D9;
			packageReferences = (
				8D82E8B32B51D3B2005C88D9 /* XCRemoteSwiftPackageReference "OpenAI" */,
			);
			productRefGroup = 8D82E8862B51D328005C88D9 /* Products */;
			projectDirPath = "";
			projectRoot = "";
			targets = (
				8D82E8842B51D328005C88D9 /* StoryBuddy */,
				8D82E8952B51D32A005C88D9 /* StoryBuddyTests */,
				8D82E89F2B51D32A005C88D9 /* StoryBuddyUITests */,
			);
		};
/* End PBXProject section */

/* Begin PBXResourcesBuildPhase section */
		8D82E8832B51D328005C88D9 /* Resources */ = {
			isa = PBXResourcesBuildPhase;
			buildActionMask = 2147483647;
			files = (
				8D82E8912B51D32A005C88D9 /* Preview Assets.xcassets in Resources */,
				8D82E88D2B51D32A005C88D9 /* Assets.xcassets in Resources */,
			);
			runOnlyForDeploymentPostprocessing = 0;
		};
		8D82E8942B51D32A005C88D9 /* Resources */ = {
			isa = PBXResourcesBuildPhase;
			buildActionMask = 2147483647;
			files = (
			);
			runOnlyForDeploymentPostprocessing = 0;
		};
		8D82E89E2B51D32A005C88D9 /* Resources */ = {
			isa = PBXResourcesBuildPhase;
			buildActionMask = 2147483647;
			files = (
			);
			runOnlyForDeploymentPostprocessing = 0;
		};
/* End PBXResourcesBuildPhase section */

/* Begin PBXSourcesBuildPhase section */
		8D82E8812B51D328005C88D9 /* Sources */ = {
			isa = PBXSourcesBuildPhase;
			buildActionMask = 2147483647;
			files = (
				8D82E8C72B56FBED005C88D9 /* ArrayUtils.swift in Sources */,
				8D82E8BF2B56F4D9005C88D9 /* ChatListView.swift in Sources */,
				8D82E8BD2B54FC32005C88D9 /* ChatView.swift in Sources */,
				8D82E8C12B56F4FB005C88D9 /* ChatListView+ViewModel.swift in Sources */,
				8D82E8892B51D328005C88D9 /* StoryBuddyApp.swift in Sources */,
				8D82E8C52B56F5C6005C88D9 /* OpenAIManager.swift in Sources */,
				8D82E8C32B56F50C005C88D9 /* ChatView+ViewModel.swift in Sources */,
			);
			runOnlyForDeploymentPostprocessing = 0;
		};
		8D82E8922B51D32A005C88D9 /* Sources */ = {
			isa = PBXSourcesBuildPhase;
			buildActionMask = 2147483647;
			files = (
				8D82E89B2B51D32A005C88D9 /* StoryBuddyTests.swift in Sources */,
			);
			runOnlyForDeploymentPostprocessing = 0;
		};
		8D82E89C2B51D32A005C88D9 /* Sources */ = {
			isa = PBXSourcesBuildPhase;
			buildActionMask = 2147483647;
			files = (
				8D82E8A52B51D32A005C88D9 /* StoryBuddyUITests.swift in Sources */,
				8D82E8A72B51D32A005C88D9 /* StoryBuddyUITestsLaunchTests.swift in Sources */,
			);
			runOnlyForDeploymentPostprocessing = 0;
		};
/* End PBXSourcesBuildPhase section */

/* Begin PBXTargetDependency section */
		8D82E8982B51D32A005C88D9 /* PBXTargetDependency */ = {
			isa = PBXTargetDependency;
			target = 8D82E8842B51D328005C88D9 /* StoryBuddy */;
			targetProxy = 8D82E8972B51D32A005C88D9 /* PBXContainerItemProxy */;
		};
		8D82E8A22B51D32A005C88D9 /* PBXTargetDependency */ = {
			isa = PBXTargetDependency;
			target = 8D82E8842B51D328005C88D9 /* StoryBuddy */;
			targetProxy = 8D82E8A12B51D32A005C88D9 /* PBXContainerItemProxy */;
		};
/* End PBXTargetDependency section */

/* Begin XCBuildConfiguration section */
		8D82E8A82B51D32A005C88D9 /* Debug */ = {
			isa = XCBuildConfiguration;
			buildSettings = {
				ALWAYS_SEARCH_USER_PATHS = NO;
				ASSETCATALOG_COMPILER_GENERATE_SWIFT_ASSET_SYMBOL_EXTENSIONS = YES;
				CLANG_ANALYZER_NONNULL = YES;
				CLANG_ANALYZER_NUMBER_OBJECT_CONVERSION = YES_AGGRESSIVE;
				CLANG_CXX_LANGUAGE_STANDARD = "gnu++20";
				CLANG_ENABLE_MODULES = YES;
				CLANG_ENABLE_OBJC_ARC = YES;
				CLANG_ENABLE_OBJC_WEAK = YES;
				CLANG_WARN_BLOCK_CAPTURE_AUTORELEASING = YES;
				CLANG_WARN_BOOL_CONVERSION = YES;
				CLANG_WARN_COMMA = YES;
				CLANG_WARN_CONSTANT_CONVERSION = YES;
				CLANG_WARN_DEPRECATED_OBJC_IMPLEMENTATIONS = YES;
				CLANG_WARN_DIRECT_OBJC_ISA_USAGE = YES_ERROR;
				CLANG_WARN_DOCUMENTATION_COMMENTS = YES;
				CLANG_WARN_EMPTY_BODY = YES;
				CLANG_WARN_ENUM_CONVERSION = YES;
				CLANG_WARN_INFINITE_RECURSION = YES;
				CLANG_WARN_INT_CONVERSION = YES;
				CLANG_WARN_NON_LITERAL_NULL_CONVERSION = YES;
				CLANG_WARN_OBJC_IMPLICIT_RETAIN_SELF = YES;
				CLANG_WARN_OBJC_LITERAL_CONVERSION = YES;
				CLANG_WARN_OBJC_ROOT_CLASS = YES_ERROR;
				CLANG_WARN_QUOTED_INCLUDE_IN_FRAMEWORK_HEADER = YES;
				CLANG_WARN_RANGE_LOOP_ANALYSIS = YES;
				CLANG_WARN_STRICT_PROTOTYPES = YES;
				CLANG_WARN_SUSPICIOUS_MOVE = YES;
				CLANG_WARN_UNGUARDED_AVAILABILITY = YES_AGGRESSIVE;
				CLANG_WARN_UNREACHABLE_CODE = YES;
				CLANG_WARN__DUPLICATE_METHOD_MATCH = YES;
				COPY_PHASE_STRIP = NO;
				DEBUG_INFORMATION_FORMAT = dwarf;
				ENABLE_STRICT_OBJC_MSGSEND = YES;
				ENABLE_TESTABILITY = YES;
				ENABLE_USER_SCRIPT_SANDBOXING = YES;
				GCC_C_LANGUAGE_STANDARD = gnu17;
				GCC_DYNAMIC_NO_PIC = NO;
				GCC_NO_COMMON_BLOCKS = YES;
				GCC_OPTIMIZATION_LEVEL = 0;
				GCC_PREPROCESSOR_DEFINITIONS = (
					"DEBUG=1",
					"$(inherited)",
				);
				GCC_WARN_64_TO_32_BIT_CONVERSION = YES;
				GCC_WARN_ABOUT_RETURN_TYPE = YES_ERROR;
				GCC_WARN_UNDECLARED_SELECTOR = YES;
				GCC_WARN_UNINITIALIZED_AUTOS = YES_AGGRESSIVE;
				GCC_WARN_UNUSED_FUNCTION = YES;
				GCC_WARN_UNUSED_VARIABLE = YES;
				LOCALIZATION_PREFERS_STRING_CATALOGS = YES;
				MTL_ENABLE_DEBUG_INFO = INCLUDE_SOURCE;
				MTL_FAST_MATH = YES;
				ONLY_ACTIVE_ARCH = YES;
				SWIFT_ACTIVE_COMPILATION_CONDITIONS = "DEBUG $(inherited)";
				SWIFT_OPTIMIZATION_LEVEL = "-Onone";
			};
			name = Debug;
		};
		8D82E8A92B51D32A005C88D9 /* Release */ = {
			isa = XCBuildConfiguration;
			buildSettings = {
				ALWAYS_SEARCH_USER_PATHS = NO;
				ASSETCATALOG_COMPILER_GENERATE_SWIFT_ASSET_SYMBOL_EXTENSIONS = YES;
				CLANG_ANALYZER_NONNULL = YES;
				CLANG_ANALYZER_NUMBER_OBJECT_CONVERSION = YES_AGGRESSIVE;
				CLANG_CXX_LANGUAGE_STANDARD = "gnu++20";
				CLANG_ENABLE_MODULES = YES;
				CLANG_ENABLE_OBJC_ARC = YES;
				CLANG_ENABLE_OBJC_WEAK = YES;
				CLANG_WARN_BLOCK_CAPTURE_AUTORELEASING = YES;
				CLANG_WARN_BOOL_CONVERSION = YES;
				CLANG_WARN_COMMA = YES;
				CLANG_WARN_CONSTANT_CONVERSION = YES;
				CLANG_WARN_DEPRECATED_OBJC_IMPLEMENTATIONS = YES;
				CLANG_WARN_DIRECT_OBJC_ISA_USAGE = YES_ERROR;
				CLANG_WARN_DOCUMENTATION_COMMENTS = YES;
				CLANG_WARN_EMPTY_BODY = YES;
				CLANG_WARN_ENUM_CONVERSION = YES;
				CLANG_WARN_INFINITE_RECURSION = YES;
				CLANG_WARN_INT_CONVERSION = YES;
				CLANG_WARN_NON_LITERAL_NULL_CONVERSION = YES;
				CLANG_WARN_OBJC_IMPLICIT_RETAIN_SELF = YES;
				CLANG_WARN_OBJC_LITERAL_CONVERSION = YES;
				CLANG_WARN_OBJC_ROOT_CLASS = YES_ERROR;
				CLANG_WARN_QUOTED_INCLUDE_IN_FRAMEWORK_HEADER = YES;
				CLANG_WARN_RANGE_LOOP_ANALYSIS = YES;
				CLANG_WARN_STRICT_PROTOTYPES = YES;
				CLANG_WARN_SUSPICIOUS_MOVE = YES;
				CLANG_WARN_UNGUARDED_AVAILABILITY = YES_AGGRESSIVE;
				CLANG_WARN_UNREACHABLE_CODE = YES;
				CLANG_WARN__DUPLICATE_METHOD_MATCH = YES;
				COPY_PHASE_STRIP = NO;
				DEBUG_INFORMATION_FORMAT = "dwarf-with-dsym";
				ENABLE_NS_ASSERTIONS = NO;
				ENABLE_STRICT_OBJC_MSGSEND = YES;
				ENABLE_USER_SCRIPT_SANDBOXING = YES;
				GCC_C_LANGUAGE_STANDARD = gnu17;
				GCC_NO_COMMON_BLOCKS = YES;
				GCC_WARN_64_TO_32_BIT_CONVERSION = YES;
				GCC_WARN_ABOUT_RETURN_TYPE = YES_ERROR;
				GCC_WARN_UNDECLARED_SELECTOR = YES;
				GCC_WARN_UNINITIALIZED_AUTOS = YES_AGGRESSIVE;
				GCC_WARN_UNUSED_FUNCTION = YES;
				GCC_WARN_UNUSED_VARIABLE = YES;
				LOCALIZATION_PREFERS_STRING_CATALOGS = YES;
				MTL_ENABLE_DEBUG_INFO = NO;
				MTL_FAST_MATH = YES;
				SWIFT_COMPILATION_MODE = wholemodule;
			};
			name = Release;
		};
		8D82E8AB2B51D32A005C88D9 /* Debug */ = {
			isa = XCBuildConfiguration;
			buildSettings = {
				ASSETCATALOG_COMPILER_APPICON_NAME = AppIcon;
				ASSETCATALOG_COMPILER_GLOBAL_ACCENT_COLOR_NAME = AccentColor;
				CODE_SIGN_ENTITLEMENTS = StoryBuddy/StoryBuddy.entitlements;
				CODE_SIGN_STYLE = Automatic;
				CURRENT_PROJECT_VERSION = 1;
				DEVELOPMENT_ASSET_PATHS = "\"StoryBuddy/Preview Content\"";
				DEVELOPMENT_TEAM = AE85MB635Y;
				ENABLE_HARDENED_RUNTIME = YES;
				ENABLE_PREVIEWS = YES;
				GENERATE_INFOPLIST_FILE = YES;
				"INFOPLIST_KEY_UIApplicationSceneManifest_Generation[sdk=iphoneos*]" = YES;
				"INFOPLIST_KEY_UIApplicationSceneManifest_Generation[sdk=iphonesimulator*]" = YES;
				"INFOPLIST_KEY_UIApplicationSupportsIndirectInputEvents[sdk=iphoneos*]" = YES;
				"INFOPLIST_KEY_UIApplicationSupportsIndirectInputEvents[sdk=iphonesimulator*]" = YES;
				"INFOPLIST_KEY_UILaunchScreen_Generation[sdk=iphoneos*]" = YES;
				"INFOPLIST_KEY_UILaunchScreen_Generation[sdk=iphonesimulator*]" = YES;
				"INFOPLIST_KEY_UIStatusBarStyle[sdk=iphoneos*]" = UIStatusBarStyleDefault;
				"INFOPLIST_KEY_UIStatusBarStyle[sdk=iphonesimulator*]" = UIStatusBarStyleDefault;
				INFOPLIST_KEY_UISupportedInterfaceOrientations_iPad = "UIInterfaceOrientationPortrait UIInterfaceOrientationPortraitUpsideDown UIInterfaceOrientationLandscapeLeft UIInterfaceOrientationLandscapeRight";
				INFOPLIST_KEY_UISupportedInterfaceOrientations_iPhone = "UIInterfaceOrientationPortrait UIInterfaceOrientationLandscapeLeft UIInterfaceOrientationLandscapeRight";
				IPHONEOS_DEPLOYMENT_TARGET = 17.2;
				LD_RUNPATH_SEARCH_PATHS = "@executable_path/Frameworks";
				"LD_RUNPATH_SEARCH_PATHS[sdk=macosx*]" = "@executable_path/../Frameworks";
				MACOSX_DEPLOYMENT_TARGET = 14.1;
				MARKETING_VERSION = 1.0;
				PRODUCT_BUNDLE_IDENTIFIER = com.StoryBuddy.StoryBuddy;
				PRODUCT_NAME = "$(TARGET_NAME)";
				SDKROOT = auto;
				SUPPORTED_PLATFORMS = "iphoneos iphonesimulator macosx";
				SWIFT_EMIT_LOC_STRINGS = YES;
				SWIFT_VERSION = 5.0;
				TARGETED_DEVICE_FAMILY = "1,2";
			};
			name = Debug;
		};
		8D82E8AC2B51D32A005C88D9 /* Release */ = {
			isa = XCBuildConfiguration;
			buildSettings = {
				ASSETCATALOG_COMPILER_APPICON_NAME = AppIcon;
				ASSETCATALOG_COMPILER_GLOBAL_ACCENT_COLOR_NAME = AccentColor;
				CODE_SIGN_ENTITLEMENTS = StoryBuddy/StoryBuddy.entitlements;
				CODE_SIGN_STYLE = Automatic;
				CURRENT_PROJECT_VERSION = 1;
				DEVELOPMENT_ASSET_PATHS = "\"StoryBuddy/Preview Content\"";
				DEVELOPMENT_TEAM = AE85MB635Y;
				ENABLE_HARDENED_RUNTIME = YES;
				ENABLE_PREVIEWS = YES;
				GENERATE_INFOPLIST_FILE = YES;
				"INFOPLIST_KEY_UIApplicationSceneManifest_Generation[sdk=iphoneos*]" = YES;
				"INFOPLIST_KEY_UIApplicationSceneManifest_Generation[sdk=iphonesimulator*]" = YES;
				"INFOPLIST_KEY_UIApplicationSupportsIndirectInputEvents[sdk=iphoneos*]" = YES;
				"INFOPLIST_KEY_UIApplicationSupportsIndirectInputEvents[sdk=iphonesimulator*]" = YES;
				"INFOPLIST_KEY_UILaunchScreen_Generation[sdk=iphoneos*]" = YES;
				"INFOPLIST_KEY_UILaunchScreen_Generation[sdk=iphonesimulator*]" = YES;
				"INFOPLIST_KEY_UIStatusBarStyle[sdk=iphoneos*]" = UIStatusBarStyleDefault;
				"INFOPLIST_KEY_UIStatusBarStyle[sdk=iphonesimulator*]" = UIStatusBarStyleDefault;
				INFOPLIST_KEY_UISupportedInterfaceOrientations_iPad = "UIInterfaceOrientationPortrait UIInterfaceOrientationPortraitUpsideDown UIInterfaceOrientationLandscapeLeft UIInterfaceOrientationLandscapeRight";
				INFOPLIST_KEY_UISupportedInterfaceOrientations_iPhone = "UIInterfaceOrientationPortrait UIInterfaceOrientationLandscapeLeft UIInterfaceOrientationLandscapeRight";
				IPHONEOS_DEPLOYMENT_TARGET = 17.2;
				LD_RUNPATH_SEARCH_PATHS = "@executable_path/Frameworks";
				"LD_RUNPATH_SEARCH_PATHS[sdk=macosx*]" = "@executable_path/../Frameworks";
				MACOSX_DEPLOYMENT_TARGET = 14.1;
				MARKETING_VERSION = 1.0;
				PRODUCT_BUNDLE_IDENTIFIER = com.StoryBuddy.StoryBuddy;
				PRODUCT_NAME = "$(TARGET_NAME)";
				SDKROOT = auto;
				SUPPORTED_PLATFORMS = "iphoneos iphonesimulator macosx";
				SWIFT_EMIT_LOC_STRINGS = YES;
				SWIFT_VERSION = 5.0;
				TARGETED_DEVICE_FAMILY = "1,2";
			};
			name = Release;
		};
		8D82E8AE2B51D32A005C88D9 /* Debug */ = {
			isa = XCBuildConfiguration;
			buildSettings = {
				ALWAYS_EMBED_SWIFT_STANDARD_LIBRARIES = YES;
				BUNDLE_LOADER = "$(TEST_HOST)";
				CODE_SIGN_STYLE = Automatic;
				CURRENT_PROJECT_VERSION = 1;
				DEVELOPMENT_TEAM = AE85MB635Y;
				GENERATE_INFOPLIST_FILE = YES;
				IPHONEOS_DEPLOYMENT_TARGET = 17.2;
				MACOSX_DEPLOYMENT_TARGET = 14.1;
				MARKETING_VERSION = 1.0;
				PRODUCT_BUNDLE_IDENTIFIER = com.StoryBuddy.StoryBuddyTests;
				PRODUCT_NAME = "$(TARGET_NAME)";
				SDKROOT = auto;
				SUPPORTED_PLATFORMS = "iphoneos iphonesimulator macosx";
				SWIFT_EMIT_LOC_STRINGS = NO;
				SWIFT_VERSION = 5.0;
				TARGETED_DEVICE_FAMILY = "1,2";
				TEST_HOST = "$(BUILT_PRODUCTS_DIR)/StoryBuddy.app/$(BUNDLE_EXECUTABLE_FOLDER_PATH)/StoryBuddy";
			};
			name = Debug;
		};
		8D82E8AF2B51D32A005C88D9 /* Release */ = {
			isa = XCBuildConfiguration;
			buildSettings = {
				ALWAYS_EMBED_SWIFT_STANDARD_LIBRARIES = YES;
				BUNDLE_LOADER = "$(TEST_HOST)";
				CODE_SIGN_STYLE = Automatic;
				CURRENT_PROJECT_VERSION = 1;
				DEVELOPMENT_TEAM = AE85MB635Y;
				GENERATE_INFOPLIST_FILE = YES;
				IPHONEOS_DEPLOYMENT_TARGET = 17.2;
				MACOSX_DEPLOYMENT_TARGET = 14.1;
				MARKETING_VERSION = 1.0;
				PRODUCT_BUNDLE_IDENTIFIER = com.StoryBuddy.StoryBuddyTests;
				PRODUCT_NAME = "$(TARGET_NAME)";
				SDKROOT = auto;
				SUPPORTED_PLATFORMS = "iphoneos iphonesimulator macosx";
				SWIFT_EMIT_LOC_STRINGS = NO;
				SWIFT_VERSION = 5.0;
				TARGETED_DEVICE_FAMILY = "1,2";
				TEST_HOST = "$(BUILT_PRODUCTS_DIR)/StoryBuddy.app/$(BUNDLE_EXECUTABLE_FOLDER_PATH)/StoryBuddy";
			};
			name = Release;
		};
		8D82E8B12B51D32A005C88D9 /* Debug */ = {
			isa = XCBuildConfiguration;
			buildSettings = {
				ALWAYS_EMBED_SWIFT_STANDARD_LIBRARIES = YES;
				CODE_SIGN_STYLE = Automatic;
				CURRENT_PROJECT_VERSION = 1;
				DEVELOPMENT_TEAM = AE85MB635Y;
				GENERATE_INFOPLIST_FILE = YES;
				IPHONEOS_DEPLOYMENT_TARGET = 17.2;
				MACOSX_DEPLOYMENT_TARGET = 14.1;
				MARKETING_VERSION = 1.0;
				PRODUCT_BUNDLE_IDENTIFIER = com.StoryBuddy.StoryBuddyUITests;
				PRODUCT_NAME = "$(TARGET_NAME)";
				SDKROOT = auto;
				SUPPORTED_PLATFORMS = "iphoneos iphonesimulator macosx";
				SWIFT_EMIT_LOC_STRINGS = NO;
				SWIFT_VERSION = 5.0;
				TARGETED_DEVICE_FAMILY = "1,2";
				TEST_TARGET_NAME = StoryBuddy;
			};
			name = Debug;
		};
		8D82E8B22B51D32A005C88D9 /* Release */ = {
			isa = XCBuildConfiguration;
			buildSettings = {
				ALWAYS_EMBED_SWIFT_STANDARD_LIBRARIES = YES;
				CODE_SIGN_STYLE = Automatic;
				CURRENT_PROJECT_VERSION = 1;
				DEVELOPMENT_TEAM = AE85MB635Y;
				GENERATE_INFOPLIST_FILE = YES;
				IPHONEOS_DEPLOYMENT_TARGET = 17.2;
				MACOSX_DEPLOYMENT_TARGET = 14.1;
				MARKETING_VERSION = 1.0;
				PRODUCT_BUNDLE_IDENTIFIER = com.StoryBuddy.StoryBuddyUITests;
				PRODUCT_NAME = "$(TARGET_NAME)";
				SDKROOT = auto;
				SUPPORTED_PLATFORMS = "iphoneos iphonesimulator macosx";
				SWIFT_EMIT_LOC_STRINGS = NO;
				SWIFT_VERSION = 5.0;
				TARGETED_DEVICE_FAMILY = "1,2";
				TEST_TARGET_NAME = StoryBuddy;
			};
			name = Release;
		};
/* End XCBuildConfiguration section */

/* Begin XCConfigurationList section */
		8D82E8802B51D328005C88D9 /* Build configuration list for PBXProject "StoryBuddy" */ = {
			isa = XCConfigurationList;
			buildConfigurations = (
				8D82E8A82B51D32A005C88D9 /* Debug */,
				8D82E8A92B51D32A005C88D9 /* Release */,
			);
			defaultConfigurationIsVisible = 0;
			defaultConfigurationName = Release;
		};
		8D82E8AA2B51D32A005C88D9 /* Build configuration list for PBXNativeTarget "StoryBuddy" */ = {
			isa = XCConfigurationList;
			buildConfigurations = (
				8D82E8AB2B51D32A005C88D9 /* Debug */,
				8D82E8AC2B51D32A005C88D9 /* Release */,
			);
			defaultConfigurationIsVisible = 0;
			defaultConfigurationName = Release;
		};
		8D82E8AD2B51D32A005C88D9 /* Build configuration list for PBXNativeTarget "StoryBuddyTests" */ = {
			isa = XCConfigurationList;
			buildConfigurations = (
				8D82E8AE2B51D32A005C88D9 /* Debug */,
				8D82E8AF2B51D32A005C88D9 /* Release */,
			);
			defaultConfigurationIsVisible = 0;
			defaultConfigurationName = Release;
		};
		8D82E8B02B51D32A005C88D9 /* Build configuration list for PBXNativeTarget "StoryBuddyUITests" */ = {
			isa = XCConfigurationList;
			buildConfigurations = (
				8D82E8B12B51D32A005C88D9 /* Debug */,
				8D82E8B22B51D32A005C88D9 /* Release */,
			);
			defaultConfigurationIsVisible = 0;
			defaultConfigurationName = Release;
		};
/* End XCConfigurationList section */

/* Begin XCRemoteSwiftPackageReference section */
		8D82E8B32B51D3B2005C88D9 /* XCRemoteSwiftPackageReference "OpenAI" */ = {
			isa = XCRemoteSwiftPackageReference;
			repositoryURL = "https://github.com/MacPaw/OpenAI.git";
			requirement = {
				kind = upToNextMajorVersion;
				minimumVersion = 0.2.5;
			};
		};
/* End XCRemoteSwiftPackageReference section */

/* Begin XCSwiftPackageProductDependency section */
		8D82E8B42B51D3B2005C88D9 /* OpenAI */ = {
			isa = XCSwiftPackageProductDependency;
			package = 8D82E8B32B51D3B2005C88D9 /* XCRemoteSwiftPackageReference "OpenAI" */;
			productName = OpenAI;
		};
/* End XCSwiftPackageProductDependency section */
	};
	rootObject = 8D82E87D2B51D328005C88D9 /* Project object */;
}
